Microsoft Visual Studio Solution File, Format Version 12.00
# Visual Studio 15
VisualStudioVersion = 15.0.28307.168
MinimumVisualStudioVersion = 10.0.40219.1
Project("{9A19103F-16F7-4668-BE54-9A1E7A4F7556}") = "WateringFlowerpots", "WateringFlowerpots\WateringFlowerpots\WateringFlowerpots.csproj", "{3F16FC05-6DFC-48D9-A2BA-F3FBD2B80250}"
EndProject
Project("{FAE04EC0-301F-11D3-BF4B-00C04F79EFBC}") = "WateringFlowerpots.Android", "WateringFlowerpots\WateringFlowerpots.Android\WateringFlowerpots.Android.csproj", "{15E67B54-C19D-4D7D-AF71-3065E9F93BFE}"
EndProject
Project("{FAE04EC0-301F-11D3-BF4B-00C04F79EFBC}") = "WateringFlowerpots.iOS", "WateringFlowerpots\WateringFlowerpots.iOS\WateringFlowerpots.iOS.csproj", "{6BE17EBC-4631-411E-A5EE-341CE9EAFBC7}"
EndProject
Global
	GlobalSection(SolutionConfigurationPlatforms) = preSolution
		Ad-Hoc|Any CPU = Ad-Hoc|Any CPU
		Ad-Hoc|iPhone = Ad-Hoc|iPhone
		Ad-Hoc|iPhoneSimulator = Ad-Hoc|iPhoneSimulator
		AppStore|Any CPU = AppStore|Any CPU
		AppStore|iPhone = AppStore|iPhone
		AppStore|iPhoneSimulator = AppStore|iPhoneSimulator
		Debug|Any CPU = Debug|Any CPU
		Debug|iPhone = Debug|iPhone
		Debug|iPhoneSimulator = Debug|iPhoneSimulator
		Release|Any CPU = Release|Any CPU
		Release|iPhone = Release|iPhone
		Release|iPhoneSimulator = Release|iPhoneSimulator
	EndGlobalSection
	GlobalSection(ProjectConfigurationPlatforms) = postSolution
		{3F16FC05-6DFC-48D9-A2BA-F3FBD2B80250}.Ad-Hoc|Any CPU.ActiveCfg = Release|Any CPU
		{3F16FC05-6DFC-48D9-A2BA-F3FBD2B80250}.Ad-Hoc|Any CPU.Build.0 = Release|Any CPU
		{3F16FC05-6DFC-48D9-A2BA-F3FBD2B80250}.Ad-Hoc|iPhone.ActiveCfg = Debug|Any CPU
		{3F16FC05-6DFC-48D9-A2BA-F3FBD2B80250}.Ad-Hoc|iPhone.Build.0 = Debug|Any CPU
		{3F16FC05-6DFC-48D9-A2BA-F3FBD2B80250}.Ad-Hoc|iPhoneSimulator.ActiveCfg = Release|Any CPU
		{3F16FC05-6DFC-48D9-A2BA-F3FBD2B80250}.Ad-Hoc|iPhoneSimulator.Build.0 = Release|Any CPU
		{3F16FC05-6DFC-48D9-A2BA-F3FBD2B80250}.AppStore|Any CPU.ActiveCfg = Release|Any CPU
		{3F16FC05-6DFC-48D9-A2BA-F3FBD2B80250}.AppStore|Any CPU.Build.0 = Release|Any CPU
		{3F16FC05-6DFC-48D9-A2BA-F3FBD2B80250}.AppStore|iPhone.ActiveCfg = Debug|Any CPU
		{3F16FC05-6DFC-48D9-A2BA-F3FBD2B80250}.AppStore|iPhone.Build.0 = Debug|Any CPU
		{3F16FC05-6DFC-48D9-A2BA-F3FBD2B80250}.AppStore|iPhoneSimulator.ActiveCfg = Release|Any CPU
		{3F16FC05-6DFC-48D9-A2BA-F3FBD2B80250}.AppStore|iPhoneSimulator.Build.0 = Release|Any CPU
		{3F16FC05-6DFC-48D9-A2BA-F3FBD2B80250}.Debug|Any CPU.ActiveCfg = Debug|Any CPU
		{3F16FC05-6DFC-48D9-A2BA-F3FBD2B80250}.Debug|Any CPU.Build.0 = Debug|Any CPU
		{3F16FC05-6DFC-48D9-A2BA-F3FBD2B80250}.Debug|iPhone.ActiveCfg = Debug|Any CPU
		{3F16FC05-6DFC-48D9-A2BA-F3FBD2B80250}.Debug|iPhone.Build.0 = Debug|Any CPU
		{3F16FC05-6DFC-48D9-A2BA-F3FBD2B80250}.Debug|iPhoneSimulator.ActiveCfg = Debug|Any CPU
		{3F16FC05-6DFC-48D9-A2BA-F3FBD2B80250}.Debug|iPhoneSimulator.Build.0 = Debug|Any CPU
		{3F16FC05-6DFC-48D9-A2BA-F3FBD2B80250}.Release|Any CPU.ActiveCfg = Release|Any CPU
		{3F16FC05-6DFC-48D9-A2BA-F3FBD2B80250}.Release|Any CPU.Build.0 = Release|Any CPU
		{3F16FC05-6DFC-48D9-A2BA-F3FBD2B80250}.Release|iPhone.ActiveCfg = Release|Any CPU
		{3F16FC05-6DFC-48D9-A2BA-F3FBD2B80250}.Release|iPhone.Build.0 = Release|Any CPU
		{3F16FC05-6DFC-48D9-A2BA-F3FBD2B80250}.Release|iPhoneSimulator.ActiveCfg = Release|Any CPU
		{3F16FC05-6DFC-48D9-A2BA-F3FBD2B80250}.Release|iPhoneSimulator.Build.0 = Release|Any CPU
		{15E67B54-C19D-4D7D-AF71-3065E9F93BFE}.Ad-Hoc|Any CPU.ActiveCfg = Release|Any CPU
		{15E67B54-C19D-4D7D-AF71-3065E9F93BFE}.Ad-Hoc|Any CPU.Build.0 = Release|Any CPU
		{15E67B54-C19D-4D7D-AF71-3065E9F93BFE}.Ad-Hoc|Any CPU.Deploy.0 = Release|Any CPU
		{15E67B54-C19D-4D7D-AF71-3065E9F93BFE}.Ad-Hoc|iPhone.ActiveCfg = Debug|Any CPU
		{15E67B54-C19D-4D7D-AF71-3065E9F93BFE}.Ad-Hoc|iPhone.Build.0 = Debug|Any CPU
		{15E67B54-C19D-4D7D-AF71-3065E9F93BFE}.Ad-Hoc|iPhoneSimulator.ActiveCfg = Release|Any CPU
		{15E67B54-C19D-4D7D-AF71-3065E9F93BFE}.Ad-Hoc|iPhoneSimulator.Build.0 = Release|Any CPU
		{15E67B54-C19D-4D7D-AF71-3065E9F93BFE}.Ad-Hoc|iPhoneSimulator.Deploy.0 = Release|Any CPU
		{15E67B54-C19D-4D7D-AF71-3065E9F93BFE}.AppStore|Any CPU.ActiveCfg = Release|Any CPU
		{15E67B54-C19D-4D7D-AF71-3065E9F93BFE}.AppStore|Any CPU.Build.0 = Release|Any CPU
		{15E67B54-C19D-4D7D-AF71-3065E9F93BFE}.AppStore|Any CPU.Deploy.0 = Release|Any CPU
		{15E67B54-C19D-4D7D-AF71-3065E9F93BFE}.AppStore|iPhone.ActiveCfg = Debug|Any CPU
		{15E67B54-C19D-4D7D-AF71-3065E9F93BFE}.AppStore|iPhone.Build.0 = Debug|Any CPU
		{15E67B54-C19D-4D7D-AF71-3065E9F93BFE}.AppStore|iPhoneSimulator.ActiveCfg = Release|Any CPU
		{15E67B54-C19D-4D7D-AF71-3065E9F93BFE}.AppStore|iPhoneSimulator.Build.0 = Release|Any CPU
		{15E67B54-C19D-4D7D-AF71-3065E9F93BFE}.AppStore|iPhoneSimulator.Deploy.0 = Release|Any CPU
		{15E67B54-C19D-4D7D-AF71-3065E9F93BFE}.Debug|Any CPU.ActiveCfg = Debug|Any CPU
		{15E67B54-C19D-4D7D-AF71-3065E9F93BFE}.Debug|Any CPU.Build.0 = Debug|Any CPU
		{15E67B54-C19D-4D7D-AF71-3065E9F93BFE}.Debug|Any CPU.Deploy.0 = Debug|Any CPU
		{15E67B54-C19D-4D7D-AF71-3065E9F93BFE}.Debug|iPhone.ActiveCfg = Debug|Any CPU
		{15E67B54-C19D-4D7D-AF71-3065E9F93BFE}.Debug|iPhone.Build.0 = Debug|Any CPU
		{15E67B54-C19D-4D7D-AF71-3065E9F93BFE}.Debug|iPhoneSimulator.ActiveCfg = Debug|Any CPU
		{15E67B54-C19D-4D7D-AF71-3065E9F93BFE}.Debug|iPhoneSimulator.Build.0 = Debug|Any CPU
		{15E67B54-C19D-4D7D-AF71-3065E9F93BFE}.Release|Any CPU.ActiveCfg = Release|Any CPU
		{15E67B54-C19D-4D7D-AF71-3065E9F93BFE}.Release|Any CPU.Build.0 = Release|Any CPU
		{15E67B54-C19D-4D7D-AF71-3065E9F93BFE}.Release|iPhone.ActiveCfg = Release|Any CPU
		{15E67B54-C19D-4D7D-AF71-3065E9F93BFE}.Release|iPhone.Build.0 = Release|Any CPU
		{15E67B54-C19D-4D7D-AF71-3065E9F93BFE}.Release|iPhoneSimulator.ActiveCfg = Release|Any CPU
		{15E67B54-C19D-4D7D-AF71-3065E9F93BFE}.Release|iPhoneSimulator.Build.0 = Release|Any CPU
		{6BE17EBC-4631-411E-A5EE-341CE9EAFBC7}.Ad-Hoc|Any CPU.ActiveCfg = Ad-Hoc|iPhoneSimulator
		{6BE17EBC-4631-411E-A5EE-341CE9EAFBC7}.Ad-Hoc|iPhone.ActiveCfg = Ad-Hoc|iPhone
		{6BE17EBC-4631-411E-A5EE-341CE9EAFBC7}.Ad-Hoc|iPhone.Build.0 = Ad-Hoc|iPhone
		{6BE17EBC-4631-411E-A5EE-341CE9EAFBC7}.Ad-Hoc|iPhoneSimulator.ActiveCfg = Ad-Hoc|iPhoneSimulator
		{6BE17EBC-4631-411E-A5EE-341CE9EAFBC7}.Ad-Hoc|iPhoneSimulator.Build.0 = Ad-Hoc|iPhoneSimulator
		{6BE17EBC-4631-411E-A5EE-341CE9EAFBC7}.AppStore|Any CPU.ActiveCfg = AppStore|iPhoneSimulator
		{6BE17EBC-4631-411E-A5EE-341CE9EAFBC7}.AppStore|iPhone.ActiveCfg = AppStore|iPhone
		{6BE17EBC-4631-411E-A5EE-341CE9EAFBC7}.AppStore|iPhone.Build.0 = AppStore|iPhone
		{6BE17EBC-4631-411E-A5EE-341CE9EAFBC7}.AppStore|iPhoneSimulator.ActiveCfg = AppStore|iPhoneSimulator
		{6BE17EBC-4631-411E-A5EE-341CE9EAFBC7}.AppStore|iPhoneSimulator.Build.0 = AppStore|iPhoneSimulator
		{6BE17EBC-4631-411E-A5EE-341CE9EAFBC7}.Debug|Any CPU.ActiveCfg = Debug|iPhoneSimulator
		{6BE17EBC-4631-411E-A5EE-341CE9EAFBC7}.Debug|Any CPU.Build.0 = Debug|iPhoneSimulator
		{6BE17EBC-4631-411E-A5EE-341CE9EAFBC7}.Debug|iPhone.ActiveCfg = Debug|iPhone
		{6BE17EBC-4631-411E-A5EE-341CE9EAFBC7}.Debug|iPhone.Build.0 = Debug|iPhone
		{6BE17EBC-4631-411E-A5EE-341CE9EAFBC7}.Debug|iPhoneSimulator.ActiveCfg = Debug|iPhoneSimulator
		{6BE17EBC-4631-411E-A5EE-341CE9EAFBC7}.Debug|iPhoneSimulator.Build.0 = Debug|iPhoneSimulator
		{6BE17EBC-4631-411E-A5EE-341CE9EAFBC7}.Release|Any CPU.ActiveCfg = Release|iPhoneSimulator
		{6BE17EBC-4631-411E-A5EE-341CE9EAFBC7}.Release|Any CPU.Build.0 = Release|iPhoneSimulator
		{6BE17EBC-4631-411E-A5EE-341CE9EAFBC7}.Release|iPhone.ActiveCfg = Release|iPhone
		{6BE17EBC-4631-411E-A5EE-341CE9EAFBC7}.Release|iPhone.Build.0 = Release|iPhone
		{6BE17EBC-4631-411E-A5EE-341CE9EAFBC7}.Release|iPhoneSimulator.ActiveCfg = Release|iPhoneSimulator
		{6BE17EBC-4631-411E-A5EE-341CE9EAFBC7}.Release|iPhoneSimulator.Build.0 = Release|iPhoneSimulator
	EndGlobalSection
	GlobalSection(SolutionProperties) = preSolution
		HideSolutionNode = FALSE
	EndGlobalSection
	GlobalSection(ExtensibilityGlobals) = postSolution
		SolutionGuid = {05DDEAA5-CFAF-4DE1-8B28-93FE5401DC1D}
	EndGlobalSection
EndGlobal
